
Microsoft Visual Studio Solution File, Format Version 12.00
# Visual Studio Version 17
VisualStudioVersion = 17.14.36518.9 d17.14
MinimumVisualStudioVersion = 10.0.40219.1
Project("{FAE04EC0-301F-11D3-BF4B-00C04F79EFBC}") = "BankingApp", "BankingApp\BankingApp.csproj", "{2773C717-FB29-4ADE-9C28-61971ACB1B2B}"
EndProject
Global
	GlobalSection(SolutionConfigurationPlatforms) = preSolution
		Debug|Any CPU = Debug|Any CPU
		Release|Any CPU = Release|Any CPU
	EndGlobalSection
	GlobalSection(ProjectConfigurationPlatforms) = postSolution
		{2773C717-FB29-4ADE-9C28-61971ACB1B2B}.Debug|Any CPU.ActiveCfg = Debug|Any CPU
		{2773C717-FB29-4ADE-9C28-61971ACB1B2B}.Debug|Any CPU.Build.0 = Debug|Any CPU
		{2773C717-FB29-4ADE-9C28-61971ACB1B2B}.Release|Any CPU.ActiveCfg = Release|Any CPU
		{2773C717-FB29-4ADE-9C28-61971ACB1B2B}.Release|Any CPU.Build.0 = Release|Any CPU
	EndGlobalSection
	GlobalSection(SolutionProperties) = preSolution
		HideSolutionNode = FALSE
	EndGlobalSection
	GlobalSection(ExtensibilityGlobals) = postSolution
		SolutionGuid = {E7985151-750D-4847-B5EE-5F04B8D47850}
	EndGlobalSection
EndGlobal
